
Microsoft Visual Studio Solution File, Format Version 12.00
# Visual Studio 2013
VisualStudioVersion = 12.0.31101.0
MinimumVisualStudioVersion = 10.0.40219.1
Project("{FAE04EC0-301F-11D3-BF4B-00C04F79EFBC}") = "IssuesService", "IssuesService\IssuesService.csproj", "{7F0BC2E8-F03D-4143-837E-B0A6330B2DF5}"
EndProject
Project("{FAE04EC0-301F-11D3-BF4B-00C04F79EFBC}") = "IssuesServiceCore", "IssuesServiceCore\IssuesServiceCore.csproj", "{87A80818-5A39-43F2-9952-51B2399E5C3A}"
EndProject
Project("{FAE04EC0-301F-11D3-BF4B-00C04F79EFBC}") = "IssuesServiceTools", "IssuesServiceTools\IssuesServiceTools.csproj", "{83CA6918-2B90-43B7-AB33-C6EF072E199E}"
EndProject
Global
	GlobalSection(SolutionConfigurationPlatforms) = preSolution
		Debug|Any CPU = Debug|Any CPU
		Release|Any CPU = Release|Any CPU
	EndGlobalSection
	GlobalSection(ProjectConfigurationPlatforms) = postSolution
		{7F0BC2E8-F03D-4143-837E-B0A6330B2DF5}.Debug|Any CPU.ActiveCfg = Debug|Any CPU
		{7F0BC2E8-F03D-4143-837E-B0A6330B2DF5}.Debug|Any CPU.Build.0 = Debug|Any CPU
		{7F0BC2E8-F03D-4143-837E-B0A6330B2DF5}.Release|Any CPU.ActiveCfg = Release|Any CPU
		{7F0BC2E8-F03D-4143-837E-B0A6330B2DF5}.Release|Any CPU.Build.0 = Release|Any CPU
		{87A80818-5A39-43F2-9952-51B2399E5C3A}.Debug|Any CPU.ActiveCfg = Debug|Any CPU
		{87A80818-5A39-43F2-9952-51B2399E5C3A}.Debug|Any CPU.Build.0 = Debug|Any CPU
		{87A80818-5A39-43F2-9952-51B2399E5C3A}.Release|Any CPU.ActiveCfg = Release|Any CPU
		{87A80818-5A39-43F2-9952-51B2399E5C3A}.Release|Any CPU.Build.0 = Release|Any CPU
		{83CA6918-2B90-43B7-AB33-C6EF072E199E}.Debug|Any CPU.ActiveCfg = Debug|Any CPU
		{83CA6918-2B90-43B7-AB33-C6EF072E199E}.Debug|Any CPU.Build.0 = Debug|Any CPU
		{83CA6918-2B90-43B7-AB33-C6EF072E199E}.Release|Any CPU.ActiveCfg = Release|Any CPU
		{83CA6918-2B90-43B7-AB33-C6EF072E199E}.Release|Any CPU.Build.0 = Release|Any CPU
	EndGlobalSection
	GlobalSection(SolutionProperties) = preSolution
		HideSolutionNode = FALSE
	EndGlobalSection
EndGlobal
